Microsoft Visual Studio Solution File, Format Version 12.00
# Visual Studio Version 17
VisualStudioVersion = 17.0.31903.59
MinimumVisualStudioVersion = 10.0.40219.1
Project("{FAE04EC0-301F-11D3-BF4B-00C04F79EFBC}") = "DirectorySelfService", "src\DirectorySelfService\DirectorySelfService.csproj", "{B7B23328-AF4E-45C6-A4F7-654373D9409D}"
EndProject
Project("{FAE04EC0-301F-11D3-BF4B-00C04F79EFBC}") = "DirectorySelfService.Tests", "tests\DirectorySelfService.Tests\DirectorySelfService.Tests.csproj", "{83F6D14E-18DD-4F76-A789-10E479BE21D5}"
EndProject
Global
	GlobalSection(SolutionConfigurationPlatforms) = preSolution
		Debug|Any CPU = Debug|Any CPU
		Release|Any CPU = Release|Any CPU
	EndGlobalSection
	GlobalSection(ProjectConfigurationPlatforms) = postSolution
		{B7B23328-AF4E-45C6-A4F7-654373D9409D}.Debug|Any CPU.ActiveCfg = Debug|Any CPU
		{B7B23328-AF4E-45C6-A4F7-654373D9409D}.Debug|Any CPU.Build.0 = Debug|Any CPU
		{B7B23328-AF4E-45C6-A4F7-654373D9409D}.Release|Any CPU.ActiveCfg = Release|Any CPU
		{B7B23328-AF4E-45C6-A4F7-654373D9409D}.Release|Any CPU.Build.0 = Release|Any CPU
		{83F6D14E-18DD-4F76-A789-10E479BE21D5}.Debug|Any CPU.ActiveCfg = Debug|Any CPU
		{83F6D14E-18DD-4F76-A789-10E479BE21D5}.Debug|Any CPU.Build.0 = Debug|Any CPU
		{83F6D14E-18DD-4F76-A789-10E479BE21D5}.Release|Any CPU.ActiveCfg = Release|Any CPU
		{83F6D14E-18DD-4F76-A789-10E479BE21D5}.Release|Any CPU.Build.0 = Release|Any CPU
	EndGlobalSection
EndGlobal
